
Microsoft Visual Studio Solution File, Format Version 12.00
# Visual Studio Version 16
VisualStudioVersion = 16.0.32929.386
MinimumVisualStudioVersion = 10.0.40219.1
Project("{FAE04EC0-301F-11D3-BF4B-00C04F79EFBC}") = "Custommers", "Custommers\Custommers.csproj", "{E6B97795-7496-4643-84A6-358D4B7ADAE2}"
EndProject
Project("{FAE04EC0-301F-11D3-BF4B-00C04F79EFBC}") = "Manager", "Manager\Manager.csproj", "{D89A7C6A-399B-423B-9ED4-CEF69ADD2FC5}"
EndProject
Project("{FAE04EC0-301F-11D3-BF4B-00C04F79EFBC}") = "Engine", "Engine\Engine.csproj", "{CFDF96DC-F6C6-45E4-8287-3C02AF86224B}"
EndProject
Project("{FAE04EC0-301F-11D3-BF4B-00C04F79EFBC}") = "Resource", "Resource\Resource.csproj", "{E9B40FFC-DDF8-4224-A2F5-C90C77AF4F44}"
EndProject
Project("{FAE04EC0-301F-11D3-BF4B-00C04F79EFBC}") = "Utilities", "Utilities\Utilities.csproj", "{00B3D1B1-0E27-4AD3-B828-0A4CA91DC041}"
EndProject
Project("{FAE04EC0-301F-11D3-BF4B-00C04F79EFBC}") = "ServiceProxy", "ServiceProxy\ServiceProxy.csproj", "{45264A89-BE62-4B0C-9173-C1AD6B629CC9}"
EndProject
Project("{FAE04EC0-301F-11D3-BF4B-00C04F79EFBC}") = "ResourceProxy", "ResourceProxy\ResourceProxy.csproj", "{CC5BFCFD-C09A-4768-8F19-D8341A2E8859}"
EndProject
Project("{FAE04EC0-301F-11D3-BF4B-00C04F79EFBC}") = "EngineProxy", "EngineProxy\EngineProxy.csproj", "{4201CAF9-29CE-4161-B165-81C63881E4DA}"
EndProject
Global
	GlobalSection(SolutionConfigurationPlatforms) = preSolution
		Debug|Any CPU = Debug|Any CPU
		Release|Any CPU = Release|Any CPU
	EndGlobalSection
	GlobalSection(ProjectConfigurationPlatforms) = postSolution
		{E6B97795-7496-4643-84A6-358D4B7ADAE2}.Debug|Any CPU.ActiveCfg = Debug|Any CPU
		{E6B97795-7496-4643-84A6-358D4B7ADAE2}.Debug|Any CPU.Build.0 = Debug|Any CPU
		{E6B97795-7496-4643-84A6-358D4B7ADAE2}.Release|Any CPU.ActiveCfg = Release|Any CPU
		{E6B97795-7496-4643-84A6-358D4B7ADAE2}.Release|Any CPU.Build.0 = Release|Any CPU
		{D89A7C6A-399B-423B-9ED4-CEF69ADD2FC5}.Debug|Any CPU.ActiveCfg = Debug|Any CPU
		{D89A7C6A-399B-423B-9ED4-CEF69ADD2FC5}.Debug|Any CPU.Build.0 = Debug|Any CPU
		{D89A7C6A-399B-423B-9ED4-CEF69ADD2FC5}.Release|Any CPU.ActiveCfg = Release|Any CPU
		{D89A7C6A-399B-423B-9ED4-CEF69ADD2FC5}.Release|Any CPU.Build.0 = Release|Any CPU
		{CFDF96DC-F6C6-45E4-8287-3C02AF86224B}.Debug|Any CPU.ActiveCfg = Debug|Any CPU
		{CFDF96DC-F6C6-45E4-8287-3C02AF86224B}.Debug|Any CPU.Build.0 = Debug|Any CPU
		{CFDF96DC-F6C6-45E4-8287-3C02AF86224B}.Release|Any CPU.ActiveCfg = Release|Any CPU
		{CFDF96DC-F6C6-45E4-8287-3C02AF86224B}.Release|Any CPU.Build.0 = Release|Any CPU
		{E9B40FFC-DDF8-4224-A2F5-C90C77AF4F44}.Debug|Any CPU.ActiveCfg = Debug|Any CPU
		{E9B40FFC-DDF8-4224-A2F5-C90C77AF4F44}.Debug|Any CPU.Build.0 = Debug|Any CPU
		{E9B40FFC-DDF8-4224-A2F5-C90C77AF4F44}.Release|Any CPU.ActiveCfg = Release|Any CPU
		{E9B40FFC-DDF8-4224-A2F5-C90C77AF4F44}.Release|Any CPU.Build.0 = Release|Any CPU
		{00B3D1B1-0E27-4AD3-B828-0A4CA91DC041}.Debug|Any CPU.ActiveCfg = Debug|Any CPU
		{00B3D1B1-0E27-4AD3-B828-0A4CA91DC041}.Debug|Any CPU.Build.0 = Debug|Any CPU
		{00B3D1B1-0E27-4AD3-B828-0A4CA91DC041}.Release|Any CPU.ActiveCfg = Release|Any CPU
		{00B3D1B1-0E27-4AD3-B828-0A4CA91DC041}.Release|Any CPU.Build.0 = Release|Any CPU
		{45264A89-BE62-4B0C-9173-C1AD6B629CC9}.Debug|Any CPU.ActiveCfg = Debug|Any CPU
		{45264A89-BE62-4B0C-9173-C1AD6B629CC9}.Debug|Any CPU.Build.0 = Debug|Any CPU
		{45264A89-BE62-4B0C-9173-C1AD6B629CC9}.Release|Any CPU.ActiveCfg = Release|Any CPU
		{45264A89-BE62-4B0C-9173-C1AD6B629CC9}.Release|Any CPU.Build.0 = Release|Any CPU
		{CC5BFCFD-C09A-4768-8F19-D8341A2E8859}.Debug|Any CPU.ActiveCfg = Debug|Any CPU
		{CC5BFCFD-C09A-4768-8F19-D8341A2E8859}.Debug|Any CPU.Build.0 = Debug|Any CPU
		{CC5BFCFD-C09A-4768-8F19-D8341A2E8859}.Release|Any CPU.ActiveCfg = Release|Any CPU
		{CC5BFCFD-C09A-4768-8F19-D8341A2E8859}.Release|Any CPU.Build.0 = Release|Any CPU
		{4201CAF9-29CE-4161-B165-81C63881E4DA}.Debug|Any CPU.ActiveCfg = Debug|Any CPU
		{4201CAF9-29CE-4161-B165-81C63881E4DA}.Debug|Any CPU.Build.0 = Debug|Any CPU
		{4201CAF9-29CE-4161-B165-81C63881E4DA}.Release|Any CPU.ActiveCfg = Release|Any CPU
		{4201CAF9-29CE-4161-B165-81C63881E4DA}.Release|Any CPU.Build.0 = Release|Any CPU
	EndGlobalSection
	GlobalSection(SolutionProperties) = preSolution
		HideSolutionNode = FALSE
	EndGlobalSection
	GlobalSection(ExtensibilityGlobals) = postSolution
		SolutionGuid = {981D2AB3-F4FF-4F09-A68A-585F051DAE4F}
	EndGlobalSection
EndGlobal
